// !$*UTF8*$!
{
	archiveVersion = 1;
	classes = {
	};
	objectVersion = 50;
	objects = {

/* Begin PBXBuildFile section */
		93E69597259EDDD50082D0D4 /* FirstFramework.framework in Frameworks */ = {isa = PBXBuildFile; fileRef = 93E6958D259EDDD50082D0D4 /* FirstFramework.framework */; };
		93E6959C259EDDD50082D0D4 /* FirstFrameworkTests.swift in Sources */ = {isa = PBXBuildFile; fileRef = 93E6959B259EDDD50082D0D4 /* FirstFrameworkTests.swift */; };
		93E6959E259EDDD50082D0D4 /* FirstFramework.h in Headers */ = {isa = PBXBuildFile; fileRef = 93E69590259EDDD50082D0D4 /* FirstFramework.h */; settings = {ATTRIBUTES = (Public, ); }; };
		93E695A8259EEB1F0082D0D4 /* Calculator.swift in Sources */ = {isa = PBXBuildFile; fileRef = 93E695A7259EEB1F0082D0D4 /* Calculator.swift */; };
/* End PBXBuildFile section */

/* Begin PBXContainerItemProxy section */
		93E69598259EDDD50082D0D4 /* PBXContainerItemProxy */ = {
			isa = PBXContainerItemProxy;
			containerPortal = 93E69584259EDDD50082D0D4 /* Project object */;
			proxyType = 1;
			remoteGlobalIDString = 93E6958C259EDDD50082D0D4;
			remoteInfo = FirstFramework;
		};
/* End PBXContainerItemProxy section */

/* Begin PBXFileReference section */
		93E6958D259EDDD50082D0D4 /* FirstFramework.framework */ = {isa = PBXFileReference; explicitFileType = wrapper.framework; includeInIndex = 0; path = FirstFramework.framework; sourceTree = BUILT_PRODUCTS_DIR; };
		93E69590259EDDD50082D0D4 /* FirstFramework.h */ = {isa = PBXFileReference; lastKnownFileType = sourcecode.c.h; path = FirstFramework.h; sourceTree = "<group>"; };
		93E69591259EDDD50082D0D4 /* Info.plist */ = {isa = PBXFileReference; lastKnownFileType = text.plist.xml; path = Info.plist; sourceTree = "<group>"; };
		93E69596259EDDD50082D0D4 /* FirstFrameworkTests.xctest */ = {isa = PBXFileReference; explicitFileType = wrapper.cfbundle; includeInIndex = 0; path = FirstFrameworkTests.xctest; sourceTree = BUILT_PRODUCTS_DIR; };
		93E6959B259EDDD50082D0D4 /* FirstFrameworkTests.swift */ = {isa = PBXFileReference; lastKnownFileType = sourcecode.swift; path = FirstFrameworkTests.swift; sourceTree = "<group>"; };
		93E6959D259EDDD50082D0D4 /* Info.plist */ = {isa = PBXFileReference; lastKnownFileType = text.plist.xml; path = Info.plist; sourceTree = "<group>"; };
		93E695A7259EEB1F0082D0D4 /* Calculator.swift */ = {isa = PBXFileReference; lastKnownFileType = sourcecode.swift; path = Calculator.swift; sourceTree = "<group>"; };
/* End PBXFileReference section */

/* Begin PBXFrameworksBuildPhase section */
		93E6958A259EDDD50082D0D4 /* Frameworks */ = {
			isa = PBXFrameworksBuildPhase;
			buildActionMask = 2147483647;
			files = (
			);
			runOnlyForDeploymentPostprocessing = 0;
		};
		93E69593259EDDD50082D0D4 /* Frameworks */ = {
			isa = PBXFrameworksBuildPhase;
			buildActionMask = 2147483647;
			files = (
				93E69597259EDDD50082D0D4 /* FirstFramework.framework in Frameworks */,
			);
			runOnlyForDeploymentPostprocessing = 0;
		};
/* End PBXFrameworksBuildPhase section */

/* Begin PBXGroup section */
		93E69583259EDDD50082D0D4 = {
			isa = PBXGroup;
			children = (
				93E6958F259EDDD50082D0D4 /* FirstFramework */,
				93E6959A259EDDD50082D0D4 /* FirstFrameworkTests */,
				93E6958E259EDDD50082D0D4 /* Products */,
			);
			sourceTree = "<group>";
		};
		93E6958E259EDDD50082D0D4 /* Products */ = {
			isa = PBXGroup;
			children = (
				93E6958D259EDDD50082D0D4 /* FirstFramework.framework */,
				93E69596259EDDD50082D0D4 /* FirstFrameworkTests.xctest */,
			);
			name = Products;
			sourceTree = "<group>";
		};
		93E6958F259EDDD50082D0D4 /* FirstFramework */ = {
			isa = PBXGroup;
			children = (
				93E69590259EDDD50082D0D4 /* FirstFramework.h */,
				93E69591259EDDD50082D0D4 /* Info.plist */,
				93E695A7259EEB1F0082D0D4 /* Calculator.swift */,
			);
			path = FirstFramework;
			sourceTree = "<group>";
		};
		93E6959A259EDDD50082D0D4 /* FirstFrameworkTests */ = {
			isa = PBXGroup;
			children = (
				93E6959B259EDDD50082D0D4 /* FirstFrameworkTests.swift */,
				93E6959D259EDDD50082D0D4 /* Info.plist */,
			);
			path = FirstFrameworkTests;
			sourceTree = "<group>";
		};
/* End PBXGroup section */

/* Begin PBXHeadersBuildPhase section */
		93E69588259EDDD50082D0D4 /* Headers */ = {
			isa = PBXHeadersBuildPhase;
			buildActionMask = 2147483647;
			files = (
				93E6959E259EDDD50082D0D4 /* FirstFramework.h in Headers */,
			);
			runOnlyForDeploymentPostprocessing = 0;
		};
/* End PBXHeadersBuildPhase section */

/* Begin PBXNativeTarget section */
		93E6958C259EDDD50082D0D4 /* FirstFramework */ = {
			isa = PBXNativeTarget;
			buildConfigurationList = 93E695A1259EDDD50082D0D4 /* Build configuration list for PBXNativeTarget "FirstFramework" */;
			buildPhases = (
				93E69588259EDDD50082D0D4 /* Headers */,
				93E69589259EDDD50082D0D4 /* Sources */,
				93E6958A259EDDD50082D0D4 /* Frameworks */,
				93E6958B259EDDD50082D0D4 /* Resources */,
			);
			buildRules = (
			);
			dependencies = (
			);
			name = FirstFramework;
			productName = FirstFramework;
			productReference = 93E6958D259EDDD50082D0D4 /* FirstFramework.framework */;
			productType = "com.apple.product-type.framework";
		};
		93E69595259EDDD50082D0D4 /* FirstFrameworkTests */ = {
			isa = PBXNativeTarget;
			buildConfigurationList = 93E695A4259EDDD50082D0D4 /* Build configuration list for PBXNativeTarget "FirstFrameworkTests" */;
			buildPhases = (
				93E69592259EDDD50082D0D4 /* Sources */,
				93E69593259EDDD50082D0D4 /* Frameworks */,
				93E69594259EDDD50082D0D4 /* Resources */,
			);
			buildRules = (
			);
			dependencies = (
				93E69599259EDDD50082D0D4 /* PBXTargetDependency */,
			);
			name = FirstFrameworkTests;
			productName = FirstFrameworkTests;
			productReference = 93E69596259EDDD50082D0D4 /* FirstFrameworkTests.xctest */;
			productType = "com.apple.product-type.bundle.unit-test";
		};
/* End PBXNativeTarget section */

/* Begin PBXProject section */
		93E69584259EDDD50082D0D4 /* Project object */ = {
			isa = PBXProject;
			attributes = {
				LastSwiftUpdateCheck = 1170;
				LastUpgradeCheck = 1170;
				ORGANIZATIONNAME = "G Srinivasa";
				TargetAttributes = {
					93E6958C259EDDD50082D0D4 = {
						CreatedOnToolsVersion = 11.7;
						LastSwiftMigration = 1170;
					};
					93E69595259EDDD50082D0D4 = {
						CreatedOnToolsVersion = 11.7;
					};
				};
			};
			buildConfigurationList = 93E69587259EDDD50082D0D4 /* Build configuration list for PBXProject "FirstFramework" */;
			compatibilityVersion = "Xcode 9.3";
			developmentRegion = en;
			hasScannedForEncodings = 0;
			knownRegions = (
				en,
				Base,
			);
			mainGroup = 93E69583259EDDD50082D0D4;
			productRefGroup = 93E6958E259EDDD50082D0D4 /* Products */;
			projectDirPath = "";
			projectRoot = "";
			targets = (
				93E6958C259EDDD50082D0D4 /* FirstFramework */,
				93E69595259EDDD50082D0D4 /* FirstFrameworkTests */,
			);
		};
/* End PBXProject section */

/* Begin PBXResourcesBuildPhase section */
		93E6958B259EDDD50082D0D4 /* Resources */ = {
			isa = PBXResourcesBuildPhase;
			buildActionMask = 2147483647;
			files = (
			);
			runOnlyForDeploymentPostprocessing = 0;
		};
		93E69594259EDDD50082D0D4 /* Resources */ = {
			isa = PBXResourcesBuildPhase;
			buildActionMask = 2147483647;
			files = (
			);
			runOnlyForDeploymentPostprocessing = 0;
		};
/* End PBXResourcesBuildPhase section */

/* Begin PBXSourcesBuildPhase section */
		93E69589259EDDD50082D0D4 /* Sources */ = {
			isa = PBXSourcesBuildPhase;
			buildActionMask = 2147483647;
			files = (
				93E695A8259EEB1F0082D0D4 /* Calculator.swift in Sources */,
			);
			runOnlyForDeploymentPostprocessing = 0;
		};
		93E69592259EDDD50082D0D4 /* Sources */ = {
			isa = PBXSourcesBuildPhase;
			buildActionMask = 2147483647;
			files = (
				93E6959C259EDDD50082D0D4 /* FirstFrameworkTests.swift in Sources */,
			);
			runOnlyForDeploymentPostprocessing = 0;
		};
/* End PBXSourcesBuildPhase section */

/* Begin PBXTargetDependency section */
		93E69599259EDDD50082D0D4 /* PBXTargetDependency */ = {
			isa = PBXTargetDependency;
			target = 93E6958C259EDDD50082D0D4 /* FirstFramework */;
			targetProxy = 93E69598259EDDD50082D0D4 /* PBXContainerItemProxy */;
		};
/* End PBXTargetDependency section */

/* Begin XCBuildConfiguration section */
		93E6959F259EDDD50082D0D4 /* Debug */ = {
			isa = XCBuildConfiguration;
			buildSettings = {
				ALWAYS_SEARCH_USER_PATHS = NO;
				CLANG_ANALYZER_NONNULL = YES;
				CLANG_ANALYZER_NUMBER_OBJECT_CONVERSION = YES_AGGRESSIVE;
				CLANG_CXX_LANGUAGE_STANDARD = "gnu++14";
				CLANG_CXX_LIBRARY = "libc++";
				CLANG_ENABLE_MODULES = YES;
				CLANG_ENABLE_OBJC_ARC = YES;
				CLANG_ENABLE_OBJC_WEAK = YES;
				CLANG_WARN_BLOCK_CAPTURE_AUTORELEASING = YES;
				CLANG_WARN_BOOL_CONVERSION = YES;
				CLANG_WARN_COMMA = YES;
				CLANG_WARN_CONSTANT_CONVERSION = YES;
				CLANG_WARN_DEPRECATED_OBJC_IMPLEMENTATIONS = YES;
				CLANG_WARN_DIRECT_OBJC_ISA_USAGE = YES_ERROR;
				CLANG_WARN_DOCUMENTATION_COMMENTS = YES;
				CLANG_WARN_EMPTY_BODY = YES;
				CLANG_WARN_ENUM_CONVERSION = YES;
				CLANG_WARN_INFINITE_RECURSION = YES;
				CLANG_WARN_INT_CONVERSION = YES;
				CLANG_WARN_NON_LITERAL_NULL_CONVERSION = YES;
				CLANG_WARN_OBJC_IMPLICIT_RETAIN_SELF = YES;
				CLANG_WARN_OBJC_LITERAL_CONVERSION = YES;
				CLANG_WARN_OBJC_ROOT_CLASS = YES_ERROR;
				CLANG_WARN_RANGE_LOOP_ANALYSIS = YES;
				CLANG_WARN_STRICT_PROTOTYPES = YES;
				CLANG_WARN_SUSPICIOUS_MOVE = YES;
				CLANG_WARN_UNGUARDED_AVAILABILITY = YES_AGGRESSIVE;
				CLANG_WARN_UNREACHABLE_CODE = YES;
				CLANG_WARN__DUPLICATE_METHOD_MATCH = YES;
				COPY_PHASE_STRIP = NO;
				CURRENT_PROJECT_VERSION = 1;
				DEBUG_INFORMATION_FORMAT = dwarf;
				ENABLE_STRICT_OBJC_MSGSEND = YES;
				ENABLE_TESTABILITY = YES;
				GCC_C_LANGUAGE_STANDARD = gnu11;
				GCC_DYNAMIC_NO_PIC = NO;
				GCC_NO_COMMON_BLOCKS = YES;
				GCC_OPTIMIZATION_LEVEL = 0;
				GCC_PREPROCESSOR_DEFINITIONS = (
					"DEBUG=1",
					"$(inherited)",
				);
				GCC_WARN_64_TO_32_BIT_CONVERSION = YES;
				GCC_WARN_ABOUT_RETURN_TYPE = YES_ERROR;
				GCC_WARN_UNDECLARED_SELECTOR = YES;
				GCC_WARN_UNINITIALIZED_AUTOS = YES_AGGRESSIVE;
				GCC_WARN_UNUSED_FUNCTION = YES;
				GCC_WARN_UNUSED_VARIABLE = YES;
				IPHONEOS_DEPLOYMENT_TARGET = 13.7;
				MTL_ENABLE_DEBUG_INFO = INCLUDE_SOURCE;
				MTL_FAST_MATH = YES;
				ONLY_ACTIVE_ARCH = YES;
				SDKROOT = iphoneos;
				SWIFT_ACTIVE_COMPILATION_CONDITIONS = DEBUG;
				SWIFT_OPTIMIZATION_LEVEL = "-Onone";
				VERSIONING_SYSTEM = "apple-generic";
				VERSION_INFO_PREFIX = "";
			};
			name = Debug;
		};
		93E695A0259EDDD50082D0D4 /* Release */ = {
			isa = XCBuildConfiguration;
			buildSettings = {
				ALWAYS_SEARCH_USER_PATHS = NO;
				CLANG_ANALYZER_NONNULL = YES;
				CLANG_ANALYZER_NUMBER_OBJECT_CONVERSION = YES_AGGRESSIVE;
				CLANG_CXX_LANGUAGE_STANDARD = "gnu++14";
				CLANG_CXX_LIBRARY = "libc++";
				CLANG_ENABLE_MODULES = YES;
				CLANG_ENABLE_OBJC_ARC = YES;
				CLANG_ENABLE_OBJC_WEAK = YES;
				CLANG_WARN_BLOCK_CAPTURE_AUTORELEASING = YES;
				CLANG_WARN_BOOL_CONVERSION = YES;
				CLANG_WARN_COMMA = YES;
				CLANG_WARN_CONSTANT_CONVERSION = YES;
				CLANG_WARN_DEPRECATED_OBJC_IMPLEMENTATIONS = YES;
				CLANG_WARN_DIRECT_OBJC_ISA_USAGE = YES_ERROR;
				CLANG_WARN_DOCUMENTATION_COMMENTS = YES;
				CLANG_WARN_EMPTY_BODY = YES;
				CLANG_WARN_ENUM_CONVERSION = YES;
				CLANG_WARN_INFINITE_RECURSION = YES;
				CLANG_WARN_INT_CONVERSION = YES;
				CLANG_WARN_NON_LITERAL_NULL_CONVERSION = YES;
				CLANG_WARN_OBJC_IMPLICIT_RETAIN_SELF = YES;
				CLANG_WARN_OBJC_LITERAL_CONVERSION = YES;
				CLANG_WARN_OBJC_ROOT_CLASS = YES_ERROR;
				CLANG_WARN_RANGE_LOOP_ANALYSIS = YES;
				CLANG_WARN_STRICT_PROTOTYPES = YES;
				CLANG_WARN_SUSPICIOUS_MOVE = YES;
				CLANG_WARN_UNGUARDED_AVAILABILITY = YES_AGGRESSIVE;
				CLANG_WARN_UNREACHABLE_CODE = YES;
				CLANG_WARN__DUPLICATE_METHOD_MATCH = YES;
				COPY_PHASE_STRIP = NO;
				CURRENT_PROJECT_VERSION = 1;
				DEBUG_INFORMATION_FORMAT = "dwarf-with-dsym";
				ENABLE_NS_ASSERTIONS = NO;
				ENABLE_STRICT_OBJC_MSGSEND = YES;
				GCC_C_LANGUAGE_STANDARD = gnu11;
				GCC_NO_COMMON_BLOCKS = YES;
				GCC_WARN_64_TO_32_BIT_CONVERSION = YES;
				GCC_WARN_ABOUT_RETURN_TYPE = YES_ERROR;
				GCC_WARN_UNDECLARED_SELECTOR = YES;
				GCC_WARN_UNINITIALIZED_AUTOS = YES_AGGRESSIVE;
				GCC_WARN_UNUSED_FUNCTION = YES;
				GCC_WARN_UNUSED_VARIABLE = YES;
				IPHONEOS_DEPLOYMENT_TARGET = 13.7;
				MTL_ENABLE_DEBUG_INFO = NO;
				MTL_FAST_MATH = YES;
				SDKROOT = iphoneos;
				SWIFT_COMPILATION_MODE = wholemodule;
				SWIFT_OPTIMIZATION_LEVEL = "-O";
				VALIDATE_PRODUCT = YES;
				VERSIONING_SYSTEM = "apple-generic";
				VERSION_INFO_PREFIX = "";
			};
			name = Release;
		};
		93E695A2259EDDD50082D0D4 /* Debug */ = {
			isa = XCBuildConfiguration;
			buildSettings = {
				CLANG_ENABLE_MODULES = YES;
				CODE_SIGN_STYLE = Automatic;
				DEFINES_MODULE = YES;
				DYLIB_COMPATIBILITY_VERSION = 1;
				DYLIB_CURRENT_VERSION = 1;
				DYLIB_INSTALL_NAME_BASE = "@rpath";
				INFOPLIST_FILE = FirstFramework/Info.plist;
				INSTALL_PATH = "$(LOCAL_LIBRARY_DIR)/Frameworks";
				LD_RUNPATH_SEARCH_PATHS = (
					"$(inherited)",
					"@executable_path/Frameworks",
					"@loader_path/Frameworks",
				);
				PRODUCT_BUNDLE_IDENTIFIER = ConnectM.FirstFramework;
				PRODUCT_NAME = "$(TARGET_NAME:c99extidentifier)";
				SKIP_INSTALL = YES;
				SWIFT_OPTIMIZATION_LEVEL = "-Onone";
				SWIFT_VERSION = 5.0;
				TARGETED_DEVICE_FAMILY = "1,2";
			};
			name = Debug;
		};
		93E695A3259EDDD50082D0D4 /* Release */ = {
			isa = XCBuildConfiguration;
			buildSettings = {
				CLANG_ENABLE_MODULES = YES;
				CODE_SIGN_STYLE = Automatic;
				DEFINES_MODULE = YES;
				DYLIB_COMPATIBILITY_VERSION = 1;
				DYLIB_CURRENT_VERSION = 1;
				DYLIB_INSTALL_NAME_BASE = "@rpath";
				INFOPLIST_FILE = FirstFramework/Info.plist;
				INSTALL_PATH = "$(LOCAL_LIBRARY_DIR)/Frameworks";
				LD_RUNPATH_SEARCH_PATHS = (
					"$(inherited)",
					"@executable_path/Frameworks",
					"@loader_path/Frameworks",
				);
				PRODUCT_BUNDLE_IDENTIFIER = ConnectM.FirstFramework;
				PRODUCT_NAME = "$(TARGET_NAME:c99extidentifier)";
				SKIP_INSTALL = YES;
				SWIFT_VERSION = 5.0;
				TARGETED_DEVICE_FAMILY = "1,2";
			};
			name = Release;
		};
		93E695A5259EDDD50082D0D4 /* Debug */ = {
			isa = XCBuildConfiguration;
			buildSettings = {
				ALWAYS_EMBED_SWIFT_STANDARD_LIBRARIES = YES;
				CODE_SIGN_STYLE = Automatic;
				INFOPLIST_FILE = FirstFrameworkTests/Info.plist;
				LD_RUNPATH_SEARCH_PATHS = (
					"$(inherited)",
					"@executable_path/Frameworks",
					"@loader_path/Frameworks",
				);
				PRODUCT_BUNDLE_IDENTIFIER = ConnectM.FirstFrameworkTests;
				PRODUCT_NAME = "$(TARGET_NAME)";
				SWIFT_VERSION = 5.0;
				TARGETED_DEVICE_FAMILY = "1,2";
			};
			name = Debug;
		};
		93E695A6259EDDD50082D0D4 /* Release */ = {
			isa = XCBuildConfiguration;
			buildSettings = {
				ALWAYS_EMBED_SWIFT_STANDARD_LIBRARIES = YES;
				CODE_SIGN_STYLE = Automatic;
				INFOPLIST_FILE = FirstFrameworkTests/Info.plist;
				LD_RUNPATH_SEARCH_PATHS = (
					"$(inherited)",
					"@executable_path/Frameworks",
					"@loader_path/Frameworks",
				);
				PRODUCT_BUNDLE_IDENTIFIER = ConnectM.FirstFrameworkTests;
				PRODUCT_NAME = "$(TARGET_NAME)";
				SWIFT_VERSION = 5.0;
				TARGETED_DEVICE_FAMILY = "1,2";
			};
			name = Release;
		};
/* End XCBuildConfiguration section */

/* Begin XCConfigurationList section */
		93E69587259EDDD50082D0D4 /* Build configuration list for PBXProject "FirstFramework" */ = {
			isa = XCConfigurationList;
			buildConfigurations = (
				93E6959F259EDDD50082D0D4 /* Debug */,
				93E695A0259EDDD50082D0D4 /* Release */,
			);
			defaultConfigurationIsVisible = 0;
			defaultConfigurationName = Release;
		};
		93E695A1259EDDD50082D0D4 /* Build configuration list for PBXNativeTarget "FirstFramework" */ = {
			isa = XCConfigurationList;
			buildConfigurations = (
				93E695A2259EDDD50082D0D4 /* Debug */,
				93E695A3259EDDD50082D0D4 /* Release */,
			);
			defaultConfigurationIsVisible = 0;
			defaultConfigurationName = Release;
		};
		93E695A4259EDDD50082D0D4 /* Build configuration list for PBXNativeTarget "FirstFrameworkTests" */ = {
			isa = XCConfigurationList;
			buildConfigurations = (
				93E695A5259EDDD50082D0D4 /* Debug */,
				93E695A6259EDDD50082D0D4 /* Release */,
			);
			defaultConfigurationIsVisible = 0;
			defaultConfigurationName = Release;
		};
/* End XCConfigurationList section */
	};
	rootObject = 93E69584259EDDD50082D0D4 /* Project object */;
}
